// !$*UTF8*$!
{
	archiveVersion = 1;
	classes = {
	};
	objectVersion = 46;
	objects = {

/* Begin PBXBuildFile section */
		9D53F4671D4093FC004FE794 /* NativeRouter.plist in Resources */ = {isa = PBXBuildFile; fileRef = 9D53F4661D4093FC004FE794 /* NativeRouter.plist */; };
		9D53F4691D4099FF004FE794 /* ViewController3.swift in Sources */ = {isa = PBXBuildFile; fileRef = 9D53F4681D4099FF004FE794 /* ViewController3.swift */; };
		9D53F46B1D40A090004FE794 /* NativeRouterGroup.plist in Resources */ = {isa = PBXBuildFile; fileRef = 9D53F46A1D40A090004FE794 /* NativeRouterGroup.plist */; };
		9D8B5DA21D4C72D10059E6C2 /* ViewController4.swift in Sources */ = {isa = PBXBuildFile; fileRef = 9D8B5DA11D4C72D10059E6C2 /* ViewController4.swift */; };
		9D9E14641D2B7F30006459EA /* ViewController2.swift in Sources */ = {isa = PBXBuildFile; fileRef = 9D9E14631D2B7F30006459EA /* ViewController2.swift */; };
		9DA76A021D26421B00D21910 /* AppDelegate.swift in Sources */ = {isa = PBXBuildFile; fileRef = 9DA76A011D26421B00D21910 /* AppDelegate.swift */; };
		9DA76A041D26421B00D21910 /* ViewController.swift in Sources */ = {isa = PBXBuildFile; fileRef = 9DA76A031D26421B00D21910 /* ViewController.swift */; };
		9DA76A071D26421B00D21910 /* Main.storyboard in Resources */ = {isa = PBXBuildFile; fileRef = 9DA76A051D26421B00D21910 /* Main.storyboard */; };
		9DA76A091D26421B00D21910 /* Assets.xcassets in Resources */ = {isa = PBXBuildFile; fileRef = 9DA76A081D26421B00D21910 /* Assets.xcassets */; };
		9DA76A0C1D26421B00D21910 /* LaunchScreen.storyboard in Resources */ = {isa = PBXBuildFile; fileRef = 9DA76A0A1D26421B00D21910 /* LaunchScreen.storyboard */; };
		9DA76A171D26421B00D21910 /* CRNativeRouterTests.swift in Sources */ = {isa = PBXBuildFile; fileRef = 9DA76A161D26421B00D21910 /* CRNativeRouterTests.swift */; };
		9DA76A221D26430000D21910 /* CRNativeRouter.swift in Sources */ = {isa = PBXBuildFile; fileRef = 9DA76A211D26430000D21910 /* CRNativeRouter.swift */; };
/* End PBXBuildFile section */

/* Begin PBXContainerItemProxy section */
		9DA76A131D26421B00D21910 /* PBXContainerItemProxy */ = {
			isa = PBXContainerItemProxy;
			containerPortal = 9DA769F61D26421A00D21910 /* Project object */;
			proxyType = 1;
			remoteGlobalIDString = 9DA769FD1D26421A00D21910;
			remoteInfo = CRNativeRouter;
		};
/* End PBXContainerItemProxy section */

/* Begin PBXFileReference section */
		9D53F4661D4093FC004FE794 /* NativeRouter.plist */ = {isa = PBXFileReference; fileEncoding = 4; lastKnownFileType = text.plist.xml; path = NativeRouter.plist; sourceTree = "<group>"; };
		9D53F4681D4099FF004FE794 /* ViewController3.swift */ = {isa = PBXFileReference; fileEncoding = 4; lastKnownFileType = sourcecode.swift; path = ViewController3.swift; sourceTree = "<group>"; };
		9D53F46A1D40A090004FE794 /* NativeRouterGroup.plist */ = {isa = PBXFileReference; fileEncoding = 4; lastKnownFileType = text.plist.xml; path = NativeRouterGroup.plist; sourceTree = "<group>"; };
		9D8B5DA11D4C72D10059E6C2 /* ViewController4.swift */ = {isa = PBXFileReference; fileEncoding = 4; lastKnownFileType = sourcecode.swift; path = ViewController4.swift; sourceTree = "<group>"; };
		9D9E14631D2B7F30006459EA /* ViewController2.swift */ = {isa = PBXFileReference; fileEncoding = 4; lastKnownFileType = sourcecode.swift; path = ViewController2.swift; sourceTree = "<group>"; };
		9DA769FE1D26421A00D21910 /* CRNativeRouter.app */ = {isa = PBXFileReference; explicitFileType = wrapper.application; includeInIndex = 0; path = CRNativeRouter.app; sourceTree = BUILT_PRODUCTS_DIR; };
		9DA76A011D26421B00D21910 /* AppDelegate.swift */ = {isa = PBXFileReference; lastKnownFileType = sourcecode.swift; path = AppDelegate.swift; sourceTree = "<group>"; };
		9DA76A031D26421B00D21910 /* ViewController.swift */ = {isa = PBXFileReference; lastKnownFileType = sourcecode.swift; path = ViewController.swift; sourceTree = "<group>"; };
		9DA76A061D26421B00D21910 /* Base */ = {isa = PBXFileReference; lastKnownFileType = file.storyboard; name = Base; path = Base.lproj/Main.storyboard; sourceTree = "<group>"; };
		9DA76A081D26421B00D21910 /* Assets.xcassets */ = {isa = PBXFileReference; lastKnownFileType = folder.assetcatalog; path = Assets.xcassets; sourceTree = "<group>"; };
		9DA76A0B1D26421B00D21910 /* Base */ = {isa = PBXFileReference; lastKnownFileType = file.storyboard; name = Base; path = Base.lproj/LaunchScreen.storyboard; sourceTree = "<group>"; };
		9DA76A0D1D26421B00D21910 /* Info.plist */ = {isa = PBXFileReference; lastKnownFileType = text.plist.xml; path = Info.plist; sourceTree = "<group>"; };
		9DA76A121D26421B00D21910 /* CRNativeRouterTests.xctest */ = {isa = PBXFileReference; explicitFileType = wrapper.cfbundle; includeInIndex = 0; path = CRNativeRouterTests.xctest; sourceTree = BUILT_PRODUCTS_DIR; };
		9DA76A161D26421B00D21910 /* CRNativeRouterTests.swift */ = {isa = PBXFileReference; lastKnownFileType = sourcecode.swift; path = CRNativeRouterTests.swift; sourceTree = "<group>"; };
		9DA76A181D26421B00D21910 /* Info.plist */ = {isa = PBXFileReference; lastKnownFileType = text.plist.xml; path = Info.plist; sourceTree = "<group>"; };
		9DA76A211D26430000D21910 /* CRNativeRouter.swift */ = {isa = PBXFileReference; fileEncoding = 4; lastKnownFileType = sourcecode.swift; path = CRNativeRouter.swift; sourceTree = "<group>"; };
/* End PBXFileReference section */

/* Begin PBXFrameworksBuildPhase section */
		9DA769FB1D26421A00D21910 /* Frameworks */ = {
			isa = PBXFrameworksBuildPhase;
			buildActionMask = 2147483647;
			files = (
			);
			runOnlyForDeploymentPostprocessing = 0;
		};
		9DA76A0F1D26421B00D21910 /* Frameworks */ = {
			isa = PBXFrameworksBuildPhase;
			buildActionMask = 2147483647;
			files = (
			);
			runOnlyForDeploymentPostprocessing = 0;
		};
/* End PBXFrameworksBuildPhase section */

/* Begin PBXGroup section */
		9DA769F51D26421A00D21910 = {
			isa = PBXGroup;
			children = (
				9DA76A001D26421B00D21910 /* CRNativeRouter */,
				9DA76A151D26421B00D21910 /* CRNativeRouterTests */,
				9DA769FF1D26421A00D21910 /* Products */,
			);
			sourceTree = "<group>";
		};
		9DA769FF1D26421A00D21910 /* Products */ = {
			isa = PBXGroup;
			children = (
				9DA769FE1D26421A00D21910 /* CRNativeRouter.app */,
				9DA76A121D26421B00D21910 /* CRNativeRouterTests.xctest */,
			);
			name = Products;
			sourceTree = "<group>";
		};
		9DA76A001D26421B00D21910 /* CRNativeRouter */ = {
			isa = PBXGroup;
			children = (
				9DA76A011D26421B00D21910 /* AppDelegate.swift */,
				9DA76A211D26430000D21910 /* CRNativeRouter.swift */,
				9DA76A031D26421B00D21910 /* ViewController.swift */,
				9D9E14631D2B7F30006459EA /* ViewController2.swift */,
				9D53F4681D4099FF004FE794 /* ViewController3.swift */,
				9D8B5DA11D4C72D10059E6C2 /* ViewController4.swift */,
				9DA76A051D26421B00D21910 /* Main.storyboard */,
				9DA76A081D26421B00D21910 /* Assets.xcassets */,
				9DA76A0A1D26421B00D21910 /* LaunchScreen.storyboard */,
				9DA76A0D1D26421B00D21910 /* Info.plist */,
				9D53F4661D4093FC004FE794 /* NativeRouter.plist */,
				9D53F46A1D40A090004FE794 /* NativeRouterGroup.plist */,
			);
			path = CRNativeRouter;
			sourceTree = "<group>";
		};
		9DA76A151D26421B00D21910 /* CRNativeRouterTests */ = {
			isa = PBXGroup;
			children = (
				9DA76A161D26421B00D21910 /* CRNativeRouterTests.swift */,
				9DA76A181D26421B00D21910 /* Info.plist */,
			);
			path = CRNativeRouterTests;
			sourceTree = "<group>";
		};
/* End PBXGroup section */

/* Begin PBXNativeTarget section */
		9DA769FD1D26421A00D21910 /* CRNativeRouter */ = {
			isa = PBXNativeTarget;
			buildConfigurationList = 9DA76A1B1D26421B00D21910 /* Build configuration list for PBXNativeTarget "CRNativeRouter" */;
			buildPhases = (
				9DA769FA1D26421A00D21910 /* Sources */,
				9DA769FB1D26421A00D21910 /* Frameworks */,
				9DA769FC1D26421A00D21910 /* Resources */,
			);
			buildRules = (
			);
			dependencies = (
			);
			name = CRNativeRouter;
			productName = CRNativeRouter;
			productReference = 9DA769FE1D26421A00D21910 /* CRNativeRouter.app */;
			productType = "com.apple.product-type.application";
		};
		9DA76A111D26421B00D21910 /* CRNativeRouterTests */ = {
			isa = PBXNativeTarget;
			buildConfigurationList = 9DA76A1E1D26421B00D21910 /* Build configuration list for PBXNativeTarget "CRNativeRouterTests" */;
			buildPhases = (
				9DA76A0E1D26421B00D21910 /* Sources */,
				9DA76A0F1D26421B00D21910 /* Frameworks */,
				9DA76A101D26421B00D21910 /* Resources */,
			);
			buildRules = (
			);
			dependencies = (
				9DA76A141D26421B00D21910 /* PBXTargetDependency */,
			);
			name = CRNativeRouterTests;
			productName = CRNativeRouterTests;
			productReference = 9DA76A121D26421B00D21910 /* CRNativeRouterTests.xctest */;
			productType = "com.apple.product-type.bundle.unit-test";
		};
/* End PBXNativeTarget section */

/* Begin PBXProject section */
		9DA769F61D26421A00D21910 /* Project object */ = {
			isa = PBXProject;
			attributes = {
				LastSwiftUpdateCheck = 0730;
				LastUpgradeCheck = 0810;
				ORGANIZATIONNAME = Demeijia;
				TargetAttributes = {
					9DA769FD1D26421A00D21910 = {
						CreatedOnToolsVersion = 7.3.1;
						DevelopmentTeam = JS9P32U449;
						LastSwiftMigration = 0820;
					};
					9DA76A111D26421B00D21910 = {
						CreatedOnToolsVersion = 7.3.1;
						LastSwiftMigration = 0820;
						TestTargetID = 9DA769FD1D26421A00D21910;
					};
				};
			};
			buildConfigurationList = 9DA769F91D26421A00D21910 /* Build configuration list for PBXProject "CRNativeRouter" */;
			compatibilityVersion = "Xcode 3.2";
			developmentRegion = English;
			hasScannedForEncodings = 0;
			knownRegions = (
				en,
				Base,
			);
			mainGroup = 9DA769F51D26421A00D21910;
			productRefGroup = 9DA769FF1D26421A00D21910 /* Products */;
			projectDirPath = "";
			projectRoot = "";
			targets = (
				9DA769FD1D26421A00D21910 /* CRNativeRouter */,
				9DA76A111D26421B00D21910 /* CRNativeRouterTests */,
			);
		};
/* End PBXProject section */

/* Begin PBXResourcesBuildPhase section */
		9DA769FC1D26421A00D21910 /* Resources */ = {
			isa = PBXResourcesBuildPhase;
			buildActionMask = 2147483647;
			files = (
				9D53F4671D4093FC004FE794 /* NativeRouter.plist in Resources */,
				9DA76A0C1D26421B00D21910 /* LaunchScreen.storyboard in Resources */,
				9DA76A091D26421B00D21910 /* Assets.xcassets in Resources */,
				9D53F46B1D40A090004FE794 /* NativeRouterGroup.plist in Resources */,
				9DA76A071D26421B00D21910 /* Main.storyboard in Resources */,
			);
			runOnlyForDeploymentPostprocessing = 0;
		};
		9DA76A101D26421B00D21910 /* Resources */ = {
			isa = PBXResourcesBuildPhase;
			buildActionMask = 2147483647;
			files = (
			);
			runOnlyForDeploymentPostprocessing = 0;
		};
/* End PBXResourcesBuildPhase section */

/* Begin PBXSourcesBuildPhase section */
		9DA769FA1D26421A00D21910 /* Sources */ = {
			isa = PBXSourcesBuildPhase;
			buildActionMask = 2147483647;
			files = (
				9D53F4691D4099FF004FE794 /* ViewController3.swift in Sources */,
				9D8B5DA21D4C72D10059E6C2 /* ViewController4.swift in Sources */,
				9DA76A041D26421B00D21910 /* ViewController.swift in Sources */,
				9D9E14641D2B7F30006459EA /* ViewController2.swift in Sources */,
				9DA76A221D26430000D21910 /* CRNativeRouter.swift in Sources */,
				9DA76A021D26421B00D21910 /* AppDelegate.swift in Sources */,
			);
			runOnlyForDeploymentPostprocessing = 0;
		};
		9DA76A0E1D26421B00D21910 /* Sources */ = {
			isa = PBXSourcesBuildPhase;
			buildActionMask = 2147483647;
			files = (
				9DA76A171D26421B00D21910 /* CRNativeRouterTests.swift in Sources */,
			);
			runOnlyForDeploymentPostprocessing = 0;
		};
/* End PBXSourcesBuildPhase section */

/* Begin PBXTargetDependency section */
		9DA76A141D26421B00D21910 /* PBXTargetDependency */ = {
			isa = PBXTargetDependency;
			target = 9DA769FD1D26421A00D21910 /* CRNativeRouter */;
			targetProxy = 9DA76A131D26421B00D21910 /* PBXContainerItemProxy */;
		};
/* End PBXTargetDependency section */

/* Begin PBXVariantGroup section */
		9DA76A051D26421B00D21910 /* Main.storyboard */ = {
			isa = PBXVariantGroup;
			children = (
				9DA76A061D26421B00D21910 /* Base */,
			);
			name = Main.storyboard;
			sourceTree = "<group>";
		};
		9DA76A0A1D26421B00D21910 /* LaunchScreen.storyboard */ = {
			isa = PBXVariantGroup;
			children = (
				9DA76A0B1D26421B00D21910 /* Base */,
			);
			name = LaunchScreen.storyboard;
			sourceTree = "<group>";
		};
/* End PBXVariantGroup section */

/* Begin XCBuildConfiguration section */
		9DA76A191D26421B00D21910 /* Debug */ = {
			isa = XCBuildConfiguration;
			buildSettings = {
				ALWAYS_SEARCH_USER_PATHS = NO;
				CLANG_ANALYZER_NONNULL = YES;
				CLANG_CXX_LANGUAGE_STANDARD = "gnu++0x";
				CLANG_CXX_LIBRARY = "libc++";
				CLANG_ENABLE_MODULES = YES;
				CLANG_ENABLE_OBJC_ARC = YES;
				CLANG_WARN_BOOL_CONVERSION = YES;
				CLANG_WARN_CONSTANT_CONVERSION = YES;
				CLANG_WARN_DIRECT_OBJC_ISA_USAGE = YES_ERROR;
				CLANG_WARN_EMPTY_BODY = YES;
				CLANG_WARN_ENUM_CONVERSION = YES;
				CLANG_WARN_INFINITE_RECURSION = YES;
				CLANG_WARN_INT_CONVERSION = YES;
				CLANG_WARN_OBJC_ROOT_CLASS = YES_ERROR;
				CLANG_WARN_SUSPICIOUS_MOVE = YES;
				CLANG_WARN_UNREACHABLE_CODE = YES;
				CLANG_WARN__DUPLICATE_METHOD_MATCH = YES;
				"CODE_SIGN_IDENTITY[sdk=iphoneos*]" = "iPhone Developer";
				COPY_PHASE_STRIP = NO;
				DEBUG_INFORMATION_FORMAT = dwarf;
				ENABLE_STRICT_OBJC_MSGSEND = YES;
				ENABLE_TESTABILITY = YES;
				GCC_C_LANGUAGE_STANDARD = gnu99;
				GCC_DYNAMIC_NO_PIC = NO;
				GCC_NO_COMMON_BLOCKS = YES;
				GCC_OPTIMIZATION_LEVEL = 0;
				GCC_PREPROCESSOR_DEFINITIONS = (
					"DEBUG=1",
					"$(inherited)",
				);
				GCC_WARN_64_TO_32_BIT_CONVERSION = YES;
				GCC_WARN_ABOUT_RETURN_TYPE = YES_ERROR;
				GCC_WARN_UNDECLARED_SELECTOR = YES;
				GCC_WARN_UNINITIALIZED_AUTOS = YES_AGGRESSIVE;
				GCC_WARN_UNUSED_FUNCTION = YES;
				GCC_WARN_UNUSED_VARIABLE = YES;
				IPHONEOS_DEPLOYMENT_TARGET = 9.3;
				MTL_ENABLE_DEBUG_INFO = YES;
				ONLY_ACTIVE_ARCH = YES;
				SDKROOT = iphoneos;
				SWIFT_OPTIMIZATION_LEVEL = "-Onone";
			};
			name = Debug;
		};
		9DA76A1A1D26421B00D21910 /* Release */ = {
			isa = XCBuildConfiguration;
			buildSettings = {
				ALWAYS_SEARCH_USER_PATHS = NO;
				CLANG_ANALYZER_NONNULL = YES;
				CLANG_CXX_LANGUAGE_STANDARD = "gnu++0x";
				CLANG_CXX_LIBRARY = "libc++";
				CLANG_ENABLE_MODULES = YES;
				CLANG_ENABLE_OBJC_ARC = YES;
				CLANG_WARN_BOOL_CONVERSION = YES;
				CLANG_WARN_CONSTANT_CONVERSION = YES;
				CLANG_WARN_DIRECT_OBJC_ISA_USAGE = YES_ERROR;
				CLANG_WARN_EMPTY_BODY = YES;
				CLANG_WARN_ENUM_CONVERSION = YES;
				CLANG_WARN_INFINITE_RECURSION = YES;
				CLANG_WARN_INT_CONVERSION = YES;
				CLANG_WARN_OBJC_ROOT_CLASS = YES_ERROR;
				CLANG_WARN_SUSPICIOUS_MOVE = YES;
				CLANG_WARN_UNREACHABLE_CODE = YES;
				CLANG_WARN__DUPLICATE_METHOD_MATCH = YES;
				"CODE_SIGN_IDENTITY[sdk=iphoneos*]" = "iPhone Developer";
				COPY_PHASE_STRIP = NO;
				DEBUG_INFORMATION_FORMAT = "dwarf-with-dsym";
				ENABLE_NS_ASSERTIONS = NO;
				ENABLE_STRICT_OBJC_MSGSEND = YES;
				GCC_C_LANGUAGE_STANDARD = gnu99;
				GCC_NO_COMMON_BLOCKS = YES;
				GCC_WARN_64_TO_32_BIT_CONVERSION = YES;
				GCC_WARN_ABOUT_RETURN_TYPE = YES_ERROR;
				GCC_WARN_UNDECLARED_SELECTOR = YES;
				GCC_WARN_UNINITIALIZED_AUTOS = YES_AGGRESSIVE;
				GCC_WARN_UNUSED_FUNCTION = YES;
				GCC_WARN_UNUSED_VARIABLE = YES;
				IPHONEOS_DEPLOYMENT_TARGET = 9.3;
				MTL_ENABLE_DEBUG_INFO = NO;
				SDKROOT = iphoneos;
				SWIFT_OPTIMIZATION_LEVEL = "-Owholemodule";
				VALIDATE_PRODUCT = YES;
			};
			name = Release;
		};
		9DA76A1C1D26421B00D21910 /* Debug */ = {
			isa = XCBuildConfiguration;
			buildSettings = {
				ASSETCATALOG_COMPILER_APPICON_NAME = AppIcon;
				DEVELOPMENT_TEAM = JS9P32U449;
				INFOPLIST_FILE = CRNativeRouter/Info.plist;
				IPHONEOS_DEPLOYMENT_TARGET = 8.0;
				LD_RUNPATH_SEARCH_PATHS = "$(inherited) @executable_path/Frameworks";
				PRODUCT_BUNDLE_IDENTIFIER = com.Demeijia.CRNativeRouter;
				PRODUCT_NAME = "$(TARGET_NAME)";
				SWIFT_VERSION = 3.0;
			};
			name = Debug;
		};
		9DA76A1D1D26421B00D21910 /* Release */ = {
			isa = XCBuildConfiguration;
			buildSettings = {
				ASSETCATALOG_COMPILER_APPICON_NAME = AppIcon;
				DEVELOPMENT_TEAM = JS9P32U449;
				INFOPLIST_FILE = CRNativeRouter/Info.plist;
				IPHONEOS_DEPLOYMENT_TARGET = 8.0;
				LD_RUNPATH_SEARCH_PATHS = "$(inherited) @executable_path/Frameworks";
				PRODUCT_BUNDLE_IDENTIFIER = com.Demeijia.CRNativeRouter;
				PRODUCT_NAME = "$(TARGET_NAME)";
				SWIFT_VERSION = 3.0;
			};
			name = Release;
		};
		9DA76A1F1D26421B00D21910 /* Debug */ = {
			isa = XCBuildConfiguration;
			buildSettings = {
				BUNDLE_LOADER = "$(TEST_HOST)";
				INFOPLIST_FILE = CRNativeRouterTests/Info.plist;
				LD_RUNPATH_SEARCH_PATHS = "$(inherited) @executable_path/Frameworks @loader_path/Frameworks";
				PRODUCT_BUNDLE_IDENTIFIER = com.Demeijia.CRNativeRouterTests;
				PRODUCT_NAME = "$(TARGET_NAME)";
				SWIFT_VERSION = 3.0;
				TEST_HOST = "$(BUILT_PRODUCTS_DIR)/CRNativeRouter.app/CRNativeRouter";
			};
			name = Debug;
		};
		9DA76A201D26421B00D21910 /* Release */ = {
			isa = XCBuildConfiguration;
			buildSettings = {
				BUNDLE_LOADER = "$(TEST_HOST)";
				INFOPLIST_FILE = CRNativeRouterTests/Info.plist;
				LD_RUNPATH_SEARCH_PATHS = "$(inherited) @executable_path/Frameworks @loader_path/Frameworks";
				PRODUCT_BUNDLE_IDENTIFIER = com.Demeijia.CRNativeRouterTests;
				PRODUCT_NAME = "$(TARGET_NAME)";
				SWIFT_VERSION = 3.0;
				TEST_HOST = "$(BUILT_PRODUCTS_DIR)/CRNativeRouter.app/CRNativeRouter";
			};
			name = Release;
		};
/* End XCBuildConfiguration section */

/* Begin XCConfigurationList section */
		9DA769F91D26421A00D21910 /* Build configuration list for PBXProject "CRNativeRouter" */ = {
			isa = XCConfigurationList;
			buildConfigurations = (
				9DA76A191D26421B00D21910 /* Debug */,
				9DA76A1A1D26421B00D21910 /* Release */,
			);
			defaultConfigurationIsVisible = 0;
			defaultConfigurationName = Release;
		};
		9DA76A1B1D26421B00D21910 /* Build configuration list for PBXNativeTarget "CRNativeRouter" */ = {
			isa = XCConfigurationList;
			buildConfigurations = (
				9DA76A1C1D26421B00D21910 /* Debug */,
				9DA76A1D1D26421B00D21910 /* Release */,
			);
			defaultConfigurationIsVisible = 0;
			defaultConfigurationName = Release;
		};
		9DA76A1E1D26421B00D21910 /* Build configuration list for PBXNativeTarget "CRNativeRouterTests" */ = {
			isa = XCConfigurationList;
			buildConfigurations = (
				9DA76A1F1D26421B00D21910 /* Debug */,
				9DA76A201D26421B00D21910 /* Release */,
			);
			defaultConfigurationIsVisible = 0;
			defaultConfigurationName = Release;
		};
/* End XCConfigurationList section */
	};
	rootObject = 9DA769F61D26421A00D21910 /* Project object */;
}
